github.com/felixge/httpsnoop v1.0.3 h1:s/nj+GCswXYzN5v2DpNMuMQYe+0DDwt5WVCU6CWBdXk=
github.com/felixge/httpsnoop v1.0.3/go.mod h1:m8KPJKqk1gH5J9DgRY2ASl2lWCfGKXixSwevea8zH2U=
github.com/satori/go.uuid v1.2.0 h1:0uYX9dsZ2yD7q2RtLRtPSdGDWzjeM3TbMJP9utgA0ww=
github.com/satori/go.uuid v1.2.0/go.mod h1:dA0hQrYB0VpLJoorglMZABFdXlWrHn1NEOzdhQKdks0=
github.com/serialx/hashring v0.0.0-20200727003509-22c0c7ab6b1b h1:h+3JX2VoWTFuyQEo87pStk/a99dzIO1mM9KxIyLPGTU=
github.com/serialx/hashring v0.0.0-20200727003509-22c0c7ab6b1b/go.mod h1:/yeG0My1xr/u+HZrFQ1tOQQQQrOawfyMUH13ai5brBc=
